// !$*UTF8*$!
{
	archiveVersion = 1;
	classes = {
	};
	objectVersion = 50;
	objects = {

/* Begin PBXBuildFile section */
		C67FBDE52561D03900A1D079 /* AppDelegate.swift in Sources */ = {isa = PBXBuildFile; fileRef = C67FBDE42561D03900A1D079 /* AppDelegate.swift */; };
		C67FBDE72561D03900A1D079 /* SceneDelegate.swift in Sources */ = {isa = PBXBuildFile; fileRef = C67FBDE62561D03900A1D079 /* SceneDelegate.swift */; };
		C67FBDEE2561D03C00A1D079 /* Assets.xcassets in Resources */ = {isa = PBXBuildFile; fileRef = C67FBDED2561D03C00A1D079 /* Assets.xcassets */; };
		C67FBDF12561D03C00A1D079 /* LaunchScreen.storyboard in Resources */ = {isa = PBXBuildFile; fileRef = C67FBDEF2561D03C00A1D079 /* LaunchScreen.storyboard */; };
		C67FBDFA2561D05700A1D079 /* String.swift in Sources */ = {isa = PBXBuildFile; fileRef = C67FBDF92561D05700A1D079 /* String.swift */; };
		C67FBE1A2561D0D900A1D079 /* Localizable.strings in Resources */ = {isa = PBXBuildFile; fileRef = C67FBE1C2561D0D900A1D079 /* Localizable.strings */; };
		C67FBE212561D26D00A1D079 /* ViewController.swift in Sources */ = {isa = PBXBuildFile; fileRef = C67FBE1E2561D26D00A1D079 /* ViewController.swift */; };
		C67FBE222561D26D00A1D079 /* Main.storyboard in Resources */ = {isa = PBXBuildFile; fileRef = C67FBE1F2561D26D00A1D079 /* Main.storyboard */; };
/* End PBXBuildFile section */

/* Begin PBXFileReference section */
		C67FBDE12561D03900A1D079 /* iOS-i18n-l10n.app */ = {isa = PBXFileReference; explicitFileType = wrapper.application; includeInIndex = 0; path = "iOS-i18n-l10n.app"; sourceTree = BUILT_PRODUCTS_DIR; };
		C67FBDE42561D03900A1D079 /* AppDelegate.swift */ = {isa = PBXFileReference; lastKnownFileType = sourcecode.swift; path = AppDelegate.swift; sourceTree = "<group>"; };
		C67FBDE62561D03900A1D079 /* SceneDelegate.swift */ = {isa = PBXFileReference; lastKnownFileType = sourcecode.swift; path = SceneDelegate.swift; sourceTree = "<group>"; };
		C67FBDED2561D03C00A1D079 /* Assets.xcassets */ = {isa = PBXFileReference; lastKnownFileType = folder.assetcatalog; path = Assets.xcassets; sourceTree = "<group>"; };
		C67FBDF02561D03C00A1D079 /* Base */ = {isa = PBXFileReference; lastKnownFileType = file.storyboard; name = Base; path = Base.lproj/LaunchScreen.storyboard; sourceTree = "<group>"; };
		C67FBDF22561D03C00A1D079 /* Info.plist */ = {isa = PBXFileReference; lastKnownFileType = text.plist.xml; path = Info.plist; sourceTree = "<group>"; };
		C67FBDF92561D05700A1D079 /* String.swift */ = {isa = PBXFileReference; fileEncoding = 4; lastKnownFileType = sourcecode.swift; path = String.swift; sourceTree = "<group>"; };
		C67FBE1B2561D0D900A1D079 /* en */ = {isa = PBXFileReference; lastKnownFileType = text.plist.strings; name = en; path = en.lproj/Localizable.strings; sourceTree = "<group>"; };
		C67FBE1D2561D0FC00A1D079 /* pt-BR */ = {isa = PBXFileReference; lastKnownFileType = text.plist.strings; name = "pt-BR"; path = "pt-BR.lproj/Localizable.strings"; sourceTree = "<group>"; };
		C67FBE1E2561D26D00A1D079 /* ViewController.swift */ = {isa = PBXFileReference; fileEncoding = 4; lastKnownFileType = sourcecode.swift; path = ViewController.swift; sourceTree = "<group>"; };
		C67FBE202561D26D00A1D079 /* Base */ = {isa = PBXFileReference; lastKnownFileType = file.storyboard; name = Base; path = App/Base.lproj/Main.storyboard; sourceTree = "<group>"; };
/* End PBXFileReference section */

/* Begin PBXFrameworksBuildPhase section */
		C67FBDDE2561D03900A1D079 /* Frameworks */ = {
			isa = PBXFrameworksBuildPhase;
			buildActionMask = 2147483647;
			files = (
			);
			runOnlyForDeploymentPostprocessing = 0;
		};
/* End PBXFrameworksBuildPhase section */

/* Begin PBXGroup section */
		C67FBDD82561D03900A1D079 = {
			isa = PBXGroup;
			children = (
				C67FBDE32561D03900A1D079 /* App */,
				C67FBDE22561D03900A1D079 /* Products */,
			);
			sourceTree = "<group>";
		};
		C67FBDE22561D03900A1D079 /* Products */ = {
			isa = PBXGroup;
			children = (
				C67FBDE12561D03900A1D079 /* iOS-i18n-l10n.app */,
			);
			name = Products;
			sourceTree = "<group>";
		};
		C67FBDE32561D03900A1D079 /* App */ = {
			isa = PBXGroup;
			children = (
				C67FBDED2561D03C00A1D079 /* Assets.xcassets */,
				C67FBE232561D2BA00A1D079 /* Configs */,
				C67FBDF82561D05700A1D079 /* Extensions */,
				C67FBE1F2561D26D00A1D079 /* Main.storyboard */,
				C67FBE1E2561D26D00A1D079 /* ViewController.swift */,
				C67FBE1C2561D0D900A1D079 /* Localizable.strings */,
				C67FBDEF2561D03C00A1D079 /* LaunchScreen.storyboard */,
			);
			path = App;
			sourceTree = "<group>";
		};
		C67FBDF82561D05700A1D079 /* Extensions */ = {
			isa = PBXGroup;
			children = (
				C67FBDF92561D05700A1D079 /* String.swift */,
			);
			name = Extensions;
			path = "../../i18n-ufsc/Extensions";
			sourceTree = "<group>";
		};
		C67FBE232561D2BA00A1D079 /* Configs */ = {
			isa = PBXGroup;
			children = (
				C67FBDE42561D03900A1D079 /* AppDelegate.swift */,
				C67FBDF22561D03C00A1D079 /* Info.plist */,
				C67FBDE62561D03900A1D079 /* SceneDelegate.swift */,
			);
			path = Configs;
			sourceTree = "<group>";
		};
/* End PBXGroup section */

/* Begin PBXNativeTarget section */
		C67FBDE02561D03900A1D079 /* iOS-i18n-l10n */ = {
			isa = PBXNativeTarget;
			buildConfigurationList = C67FBDF52561D03C00A1D079 /* Build configuration list for PBXNativeTarget "iOS-i18n-l10n" */;
			buildPhases = (
				C67FBDDD2561D03900A1D079 /* Sources */,
				C67FBDDE2561D03900A1D079 /* Frameworks */,
				C67FBDDF2561D03900A1D079 /* Resources */,
			);
			buildRules = (
			);
			dependencies = (
			);
			name = "iOS-i18n-l10n";
			productName = "iOS-i18n-l10n";
			productReference = C67FBDE12561D03900A1D079 /* iOS-i18n-l10n.app */;
			productType = "com.apple.product-type.application";
		};
/* End PBXNativeTarget section */

/* Begin PBXProject section */
		C67FBDD92561D03900A1D079 /* Project object */ = {
			isa = PBXProject;
			attributes = {
				LastSwiftUpdateCheck = 1170;
				LastUpgradeCheck = 1170;
				ORGANIZATIONNAME = "Pedro Freddi";
				TargetAttributes = {
					C67FBDE02561D03900A1D079 = {
						CreatedOnToolsVersion = 11.7;
					};
				};
			};
			buildConfigurationList = C67FBDDC2561D03900A1D079 /* Build configuration list for PBXProject "iOS-i18n-l10n" */;
			compatibilityVersion = "Xcode 9.3";
			developmentRegion = en;
			hasScannedForEncodings = 0;
			knownRegions = (
				en,
				Base,
				"pt-BR",
			);
			mainGroup = C67FBDD82561D03900A1D079;
			productRefGroup = C67FBDE22561D03900A1D079 /* Products */;
			projectDirPath = "";
			projectRoot = "";
			targets = (
				C67FBDE02561D03900A1D079 /* iOS-i18n-l10n */,
			);
		};
/* End PBXProject section */

/* Begin PBXResourcesBuildPhase section */
		C67FBDDF2561D03900A1D079 /* Resources */ = {
			isa = PBXResourcesBuildPhase;
			buildActionMask = 2147483647;
			files = (
				C67FBDF12561D03C00A1D079 /* LaunchScreen.storyboard in Resources */,
				C67FBE1A2561D0D900A1D079 /* Localizable.strings in Resources */,
				C67FBDEE2561D03C00A1D079 /* Assets.xcassets in Resources */,
				C67FBE222561D26D00A1D079 /* Main.storyboard in Resources */,
			);
			runOnlyForDeploymentPostprocessing = 0;
		};
/* End PBXResourcesBuildPhase section */

/* Begin PBXSourcesBuildPhase section */
		C67FBDDD2561D03900A1D079 /* Sources */ = {
			isa = PBXSourcesBuildPhase;
			buildActionMask = 2147483647;
			files = (
				C67FBDE52561D03900A1D079 /* AppDelegate.swift in Sources */,
				C67FBDFA2561D05700A1D079 /* String.swift in Sources */,
				C67FBE212561D26D00A1D079 /* ViewController.swift in Sources */,
				C67FBDE72561D03900A1D079 /* SceneDelegate.swift in Sources */,
			);
			runOnlyForDeploymentPostprocessing = 0;
		};
/* End PBXSourcesBuildPhase section */

/* Begin PBXVariantGroup section */
		C67FBDEF2561D03C00A1D079 /* LaunchScreen.storyboard */ = {
			isa = PBXVariantGroup;
			children = (
				C67FBDF02561D03C00A1D079 /* Base */,
			);
			name = LaunchScreen.storyboard;
			sourceTree = "<group>";
		};
		C67FBE1C2561D0D900A1D079 /* Localizable.strings */ = {
			isa = PBXVariantGroup;
			children = (
				C67FBE1B2561D0D900A1D079 /* en */,
				C67FBE1D2561D0FC00A1D079 /* pt-BR */,
			);
			name = Localizable.strings;
			sourceTree = "<group>";
		};
		C67FBE1F2561D26D00A1D079 /* Main.storyboard */ = {
			isa = PBXVariantGroup;
			children = (
				C67FBE202561D26D00A1D079 /* Base */,
			);
			name = Main.storyboard;
			sourceTree = "<group>";
		};
/* End PBXVariantGroup section */

/* Begin XCBuildConfiguration section */
		C67FBDF32561D03C00A1D079 /* Debug */ = {
			isa = XCBuildConfiguration;
			buildSettings = {
				ALWAYS_SEARCH_USER_PATHS = NO;
				CLANG_ANALYZER_LOCALIZABILITY_NONLOCALIZED = YES;
				CLANG_ANALYZER_NONNULL = YES;
				CLANG_ANALYZER_NUMBER_OBJECT_CONVERSION = YES_AGGRESSIVE;
				CLANG_CXX_LANGUAGE_STANDARD = "gnu++14";
				CLANG_CXX_LIBRARY = "libc++";
				CLANG_ENABLE_MODULES = YES;
				CLANG_ENABLE_OBJC_ARC = YES;
				CLANG_ENABLE_OBJC_WEAK = YES;
				CLANG_WARN_BLOCK_CAPTURE_AUTORELEASING = YES;
				CLANG_WARN_BOOL_CONVERSION = YES;
				CLANG_WARN_COMMA = YES;
				CLANG_WARN_CONSTANT_CONVERSION = YES;
				CLANG_WARN_DEPRECATED_OBJC_IMPLEMENTATIONS = YES;
				CLANG_WARN_DIRECT_OBJC_ISA_USAGE = YES_ERROR;
				CLANG_WARN_DOCUMENTATION_COMMENTS = YES;
				CLANG_WARN_EMPTY_BODY = YES;
				CLANG_WARN_ENUM_CONVERSION = YES;
				CLANG_WARN_INFINITE_RECURSION = YES;
				CLANG_WARN_INT_CONVERSION = YES;
				CLANG_WARN_NON_LITERAL_NULL_CONVERSION = YES;
				CLANG_WARN_OBJC_IMPLICIT_RETAIN_SELF = YES;
				CLANG_WARN_OBJC_LITERAL_CONVERSION = YES;
				CLANG_WARN_OBJC_ROOT_CLASS = YES_ERROR;
				CLANG_WARN_RANGE_LOOP_ANALYSIS = YES;
				CLANG_WARN_STRICT_PROTOTYPES = YES;
				CLANG_WARN_SUSPICIOUS_MOVE = YES;
				CLANG_WARN_UNGUARDED_AVAILABILITY = YES_AGGRESSIVE;
				CLANG_WARN_UNREACHABLE_CODE = YES;
				CLANG_WARN__DUPLICATE_METHOD_MATCH = YES;
				COPY_PHASE_STRIP = NO;
				DEBUG_INFORMATION_FORMAT = dwarf;
				ENABLE_STRICT_OBJC_MSGSEND = YES;
				ENABLE_TESTABILITY = YES;
				GCC_C_LANGUAGE_STANDARD = gnu11;
				GCC_DYNAMIC_NO_PIC = NO;
				GCC_NO_COMMON_BLOCKS = YES;
				GCC_OPTIMIZATION_LEVEL = 0;
				GCC_PREPROCESSOR_DEFINITIONS = (
					"DEBUG=1",
					"$(inherited)",
				);
				GCC_WARN_64_TO_32_BIT_CONVERSION = YES;
				GCC_WARN_ABOUT_RETURN_TYPE = YES_ERROR;
				GCC_WARN_UNDECLARED_SELECTOR = YES;
				GCC_WARN_UNINITIALIZED_AUTOS = YES_AGGRESSIVE;
				GCC_WARN_UNUSED_FUNCTION = YES;
				GCC_WARN_UNUSED_VARIABLE = YES;
				IPHONEOS_DEPLOYMENT_TARGET = 13.7;
				MTL_ENABLE_DEBUG_INFO = INCLUDE_SOURCE;
				MTL_FAST_MATH = YES;
				ONLY_ACTIVE_ARCH = YES;
				SDKROOT = iphoneos;
				SWIFT_ACTIVE_COMPILATION_CONDITIONS = DEBUG;
				SWIFT_OPTIMIZATION_LEVEL = "-Onone";
			};
			name = Debug;
		};
		C67FBDF42561D03C00A1D079 /* Release */ = {
			isa = XCBuildConfiguration;
			buildSettings = {
				ALWAYS_SEARCH_USER_PATHS = NO;
				CLANG_ANALYZER_LOCALIZABILITY_NONLOCALIZED = YES;
				CLANG_ANALYZER_NONNULL = YES;
				CLANG_ANALYZER_NUMBER_OBJECT_CONVERSION = YES_AGGRESSIVE;
				CLANG_CXX_LANGUAGE_STANDARD = "gnu++14";
				CLANG_CXX_LIBRARY = "libc++";
				CLANG_ENABLE_MODULES = YES;
				CLANG_ENABLE_OBJC_ARC = YES;
				CLANG_ENABLE_OBJC_WEAK = YES;
				CLANG_WARN_BLOCK_CAPTURE_AUTORELEASING = YES;
				CLANG_WARN_BOOL_CONVERSION = YES;
				CLANG_WARN_COMMA = YES;
				CLANG_WARN_CONSTANT_CONVERSION = YES;
				CLANG_WARN_DEPRECATED_OBJC_IMPLEMENTATIONS = YES;
				CLANG_WARN_DIRECT_OBJC_ISA_USAGE = YES_ERROR;
				CLANG_WARN_DOCUMENTATION_COMMENTS = YES;
				CLANG_WARN_EMPTY_BODY = YES;
				CLANG_WARN_ENUM_CONVERSION = YES;
				CLANG_WARN_INFINITE_RECURSION = YES;
				CLANG_WARN_INT_CONVERSION = YES;
				CLANG_WARN_NON_LITERAL_NULL_CONVERSION = YES;
				CLANG_WARN_OBJC_IMPLICIT_RETAIN_SELF = YES;
				CLANG_WARN_OBJC_LITERAL_CONVERSION = YES;
				CLANG_WARN_OBJC_ROOT_CLASS = YES_ERROR;
				CLANG_WARN_RANGE_LOOP_ANALYSIS = YES;
				CLANG_WARN_STRICT_PROTOTYPES = YES;
				CLANG_WARN_SUSPICIOUS_MOVE = YES;
				CLANG_WARN_UNGUARDED_AVAILABILITY = YES_AGGRESSIVE;
				CLANG_WARN_UNREACHABLE_CODE = YES;
				CLANG_WARN__DUPLICATE_METHOD_MATCH = YES;
				COPY_PHASE_STRIP = NO;
				DEBUG_INFORMATION_FORMAT = "dwarf-with-dsym";
				ENABLE_NS_ASSERTIONS = NO;
				ENABLE_STRICT_OBJC_MSGSEND = YES;
				GCC_C_LANGUAGE_STANDARD = gnu11;
				GCC_NO_COMMON_BLOCKS = YES;
				GCC_WARN_64_TO_32_BIT_CONVERSION = YES;
				GCC_WARN_ABOUT_RETURN_TYPE = YES_ERROR;
				GCC_WARN_UNDECLARED_SELECTOR = YES;
				GCC_WARN_UNINITIALIZED_AUTOS = YES_AGGRESSIVE;
				GCC_WARN_UNUSED_FUNCTION = YES;
				GCC_WARN_UNUSED_VARIABLE = YES;
				IPHONEOS_DEPLOYMENT_TARGET = 13.7;
				MTL_ENABLE_DEBUG_INFO = NO;
				MTL_FAST_MATH = YES;
				SDKROOT = iphoneos;
				SWIFT_COMPILATION_MODE = wholemodule;
				SWIFT_OPTIMIZATION_LEVEL = "-O";
				VALIDATE_PRODUCT = YES;
			};
			name = Release;
		};
		C67FBDF62561D03C00A1D079 /* Debug */ = {
			isa = XCBuildConfiguration;
			buildSettings = {
				ASSETCATALOG_COMPILER_APPICON_NAME = AppIcon;
				CODE_SIGN_STYLE = Automatic;
				DEVELOPMENT_TEAM = NXWCDB43AU;
				INFOPLIST_FILE = App/Configs/Info.plist;
				LD_RUNPATH_SEARCH_PATHS = (
					"$(inherited)",
					"@executable_path/Frameworks",
				);
				PRODUCT_BUNDLE_IDENTIFIER = "com.jungleDevs.iOS-i18n-l10n";
				PRODUCT_NAME = "$(TARGET_NAME)";
				SWIFT_VERSION = 5.0;
				TARGETED_DEVICE_FAMILY = "1,2";
			};
			name = Debug;
		};
		C67FBDF72561D03C00A1D079 /* Release */ = {
			isa = XCBuildConfiguration;
			buildSettings = {
				ASSETCATALOG_COMPILER_APPICON_NAME = AppIcon;
				CODE_SIGN_STYLE = Automatic;
				DEVELOPMENT_TEAM = NXWCDB43AU;
				INFOPLIST_FILE = App/Configs/Info.plist;
				LD_RUNPATH_SEARCH_PATHS = (
					"$(inherited)",
					"@executable_path/Frameworks",
				);
				PRODUCT_BUNDLE_IDENTIFIER = "com.jungleDevs.iOS-i18n-l10n";
				PRODUCT_NAME = "$(TARGET_NAME)";
				SWIFT_VERSION = 5.0;
				TARGETED_DEVICE_FAMILY = "1,2";
			};
			name = Release;
		};
/* End XCBuildConfiguration section */

/* Begin XCConfigurationList section */
		C67FBDDC2561D03900A1D079 /* Build configuration list for PBXProject "iOS-i18n-l10n" */ = {
			isa = XCConfigurationList;
			buildConfigurations = (
				C67FBDF32561D03C00A1D079 /* Debug */,
				C67FBDF42561D03C00A1D079 /* Release */,
			);
			defaultConfigurationIsVisible = 0;
			defaultConfigurationName = Release;
		};
		C67FBDF52561D03C00A1D079 /* Build configuration list for PBXNativeTarget "iOS-i18n-l10n" */ = {
			isa = XCConfigurationList;
			buildConfigurations = (
				C67FBDF62561D03C00A1D079 /* Debug */,
				C67FBDF72561D03C00A1D079 /* Release */,
			);
			defaultConfigurationIsVisible = 0;
			defaultConfigurationName = Release;
		};
/* End XCConfigurationList section */
	};
	rootObject = C67FBDD92561D03900A1D079 /* Project object */;
}
